<?xml version="1.0" encoding="utf-8"?>
<Project ToolsVersion="4.0" xmlns="http://schemas.microsoft.com/developer/msbuild/2003">
  <ItemGroup>
    <Filter Include="Source Files">
      <UniqueIdentifier>{4FC737F1-C7A5-4376-A066-2A32D752A2FF}</UniqueIdentifier>
      <Extensions>cpp;c;cc;cxx;def;odl;idl;hpj;bat;asm;asmx</Extensions>
    </Filter>
    <Filter Include="Header Files">
      <UniqueIdentifier>{93995380-89BD-4b04-88EB-625FBE52EBFB}</UniqueIdentifier>
      <Extensions>h;hh;hpp;hxx;hm;inl;inc;xsd</Extensions>
    </Filter>
    <Filter Include="Resource Files">
      <UniqueIdentifier>{67DA6AB6-F800-4c08-8B7A-83BB121AAD01}</UniqueIdentifier>
      <Extensions>rc;ico;cur;bmp;dlg;rc2;rct;bin;rgs;gif;jpg;jpeg;jpe;resx;tiff;tif;png;wav;mfcribbon-ms</Extensions>
    </Filter>
    <Filter Include="Source Files\Controls">
      <UniqueIdentifier>{d5e2319e-d62c-45d6-a541-d4f846f503f9}</UniqueIdentifier>
    </Filter>
    <Filter Include="Source Files\Helpers">
      <UniqueIdentifier>{3277bcd5-4b62-4be5-a4f4-a1b8cff1a9ae}</UniqueIdentifier>
    </Filter>
    <Filter Include="Shaders">
      <UniqueIdentifier>{09f1a3ac-1868-41c5-8c47-d866e35cd170}</UniqueIdentifier>
    </Filter>
    <Filter Include="Shaders\VolumetricLighting">
      <UniqueIdentifier>{b4952fdd-8615-41aa-879e-346bf0c5e5b6}</UniqueIdentifier>
    </Filter>
    <Filter Include="Shaders\WaterSimulation">
      <UniqueIdentifier>{4d1d2b2b-ec22-4805-b87f-528f0912b78e}</UniqueIdentifier>
    </Filter>
    <Filter Include="Shaders\VolumetricClouds">
      <UniqueIdentifier>{cd99af59-6c4f-42d7-b590-1eb659325193}</UniqueIdentifier>
    </Filter>
    <Filter Include="Shaders\GI">
      <UniqueIdentifier>{383364e3-aa61-4922-8f23-087b18a5d123}</UniqueIdentifier>
    </Filter>
    <Filter Include="Shaders\Terrain">
      <UniqueIdentifier>{7d19fae2-7ed1-459f-aae0-1dbda9fcb484}</UniqueIdentifier>
    </Filter>
    <Filter Include="Shaders\IBL">
      <UniqueIdentifier>{4b3f255c-5fa4-4203-ad59-f5019d27f013}</UniqueIdentifier>
    </Filter>
    <Filter Include="Source Files\Graphics">
      <UniqueIdentifier>{f1520c41-25d2-47eb-b915-cc360648e8cc}</UniqueIdentifier>
    </Filter>
    <Filter Include="Source Files\Graphics\Rendering systems">
      <UniqueIdentifier>{9d10d195-ac34-4ffc-a620-8bdacc58889a}</UniqueIdentifier>
    </Filter>
    <Filter Include="Source Files\Graphics\Materials">
      <UniqueIdentifier>{b5ad1c8e-a7e4-495c-97ab-98e3b928f8ba}</UniqueIdentifier>
    </Filter>
    <Filter Include="Source Files\Graphics\Lights">
      <UniqueIdentifier>{c7d93f20-369b-4d5a-b0c3-b3b6b4b5da84}</UniqueIdentifier>
    </Filter>
    <Filter Include="Source Files\Graphics\Mesh &amp; Model">
      <UniqueIdentifier>{37da5177-0d90-4115-9fea-0f0cc11fa684}</UniqueIdentifier>
    </Filter>
    <Filter Include="Shaders\VolumetricFog">
      <UniqueIdentifier>{3dd4efde-d1aa-43ce-96d5-1662ace464f7}</UniqueIdentifier>
    </Filter>
    <Filter Include="Source Files\Helpers\DirectXSH">
      <UniqueIdentifier>{71eca0d8-96a4-4af7-913b-8fb491aa8901}</UniqueIdentifier>
    </Filter>
    <Filter Include="Source Files\Graphics\Rendering helpers">
      <UniqueIdentifier>{69b35c96-dcdb-4ca0-ad4f-840b0cc51cf9}</UniqueIdentifier>
    </Filter>
    <Filter Include="Source Files\Profilers">
      <UniqueIdentifier>{131ca24d-32b9-4518-a106-29c5278136e8}</UniqueIdentifier>
    </Filter>
    <Filter Include="Source Files\Core">
      <UniqueIdentifier>{d1278e64-2155-4c2e-93c9-0c6227f488bc}</UniqueIdentifier>
    </Filter>
    <Filter Include="Source Files\Graphics\RHI">
      <UniqueIdentifier>{99f23602-21b2-4c73-b8d7-5cb9369c4d4b}</UniqueIdentifier>
    </Filter>
    <Filter Include="Source Files\Graphics\RHI\DX11">
      <UniqueIdentifier>{c68d4313-15d8-4b12-86ec-46fb1ef72312}</UniqueIdentifier>
    </Filter>
  </ItemGroup>
  <ItemGroup>
    <ClInclude Include="stdafx.h">
      <Filter>Header Files</Filter>
    </ClInclude>
    <ClInclude Include="targetver.h">
      <Filter>Header Files</Filter>
    </ClInclude>
    <ClInclude Include="Common.h">
      <Filter>Header Files</Filter>
    </ClInclude>
    <ClInclude Include="RTTI.h">
      <Filter>Header Files</Filter>
    </ClInclude>
    <ClInclude Include="ER_CPUProfiler.h">
      <Filter>Header Files</Filter>
    </ClInclude>
    <ClInclude Include="ER_LightProbe.h">
      <Filter>Header Files</Filter>
    </ClInclude>
    <ClInclude Include="ER_MaterialsCallbacks.h">
      <Filter>Header Files</Filter>
    </ClInclude>
    <ClInclude Include="ER_Material.h">
      <Filter>Header Files</Filter>
    </ClInclude>
    <ClInclude Include="ER_BasicColorMaterial.h">
      <Filter>Header Files</Filter>
    </ClInclude>
    <ClInclude Include="ER_ShadowMapMaterial.h">
      <Filter>Header Files</Filter>
    </ClInclude>
    <ClInclude Include="ER_GBufferMaterial.h">
      <Filter>Header Files</Filter>
    </ClInclude>
    <ClInclude Include="ER_GBuffer.h">
      <Filter>Header Files</Filter>
    </ClInclude>
    <ClInclude Include="ER_ShadowMapper.h">
      <Filter>Header Files</Filter>
    </ClInclude>
    <ClInclude Include="ER_RenderToLightProbeMaterial.h">
      <Filter>Header Files</Filter>
    </ClInclude>
    <ClInclude Include="ER_DebugLightProbeMaterial.h">
      <Filter>Header Files</Filter>
    </ClInclude>
    <ClInclude Include="ER_VoxelizationMaterial.h">
      <Filter>Header Files</Filter>
    </ClInclude>
    <ClInclude Include="ER_RenderingObject.h">
      <Filter>Header Files</Filter>
    </ClInclude>
    <ClInclude Include="ER_QuadRenderer.h">
      <Filter>Header Files</Filter>
    </ClInclude>
    <ClInclude Include="ER_PostProcessingStack.h">
      <Filter>Header Files</Filter>
    </ClInclude>
    <ClInclude Include="ER_Skybox.h">
      <Filter>Header Files</Filter>
    </ClInclude>
    <ClInclude Include="ER_FoliageManager.h">
      <Filter>Header Files</Filter>
    </ClInclude>
    <ClInclude Include="ER_LightProbesManager.h">
      <Filter>Header Files</Filter>
    </ClInclude>
    <ClInclude Include="ER_Illumination.h">
      <Filter>Header Files</Filter>
    </ClInclude>
    <ClInclude Include="ER_VolumetricClouds.h">
      <Filter>Header Files</Filter>
    </ClInclude>
    <ClInclude Include="ER_VolumetricFog.h">
      <Filter>Header Files</Filter>
    </ClInclude>
    <ClInclude Include="ER_RenderableAABB.h">
      <Filter>Header Files</Filter>
    </ClInclude>
    <ClInclude Include="ER_Sandbox.h">
      <Filter>Header Files</Filter>
    </ClInclude>
    <ClInclude Include="ER_Scene.h">
      <Filter>Header Files</Filter>
    </ClInclude>
    <ClInclude Include="ER_Terrain.h">
      <Filter>Header Files</Filter>
    </ClInclude>
    <ClInclude Include="ER_Model.h">
      <Filter>Header Files</Filter>
    </ClInclude>
    <ClInclude Include="ER_Mesh.h">
      <Filter>Header Files</Filter>
    </ClInclude>
    <ClInclude Include="ER_ModelMaterial.h">
      <Filter>Header Files</Filter>
    </ClInclude>
    <ClInclude Include="ER_MaterialHelper.h">
      <Filter>Header Files</Filter>
    </ClInclude>
    <ClInclude Include="ER_Frustum.h">
      <Filter>Header Files</Filter>
    </ClInclude>
    <ClInclude Include="ER_Ray.h">
      <Filter>Header Files</Filter>
    </ClInclude>
    <ClInclude Include="ER_Projector.h">
      <Filter>Header Files</Filter>
    </ClInclude>
    <ClInclude Include="ER_Editor.h">
      <Filter>Header Files</Filter>
    </ClInclude>
    <ClInclude Include="ER_CameraFPS.h">
      <Filter>Header Files</Filter>
    </ClInclude>
    <ClInclude Include="ER_Camera.h">
      <Filter>Header Files</Filter>
    </ClInclude>
    <ClInclude Include="ER_Keyboard.h">
      <Filter>Header Files</Filter>
    </ClInclude>
    <ClInclude Include="ER_Mouse.h">
      <Filter>Header Files</Filter>
    </ClInclude>
    <ClInclude Include="ER_CoreComponent.h">
      <Filter>Header Files</Filter>
    </ClInclude>
    <ClInclude Include="ER_DebugProxyObject.h">
      <Filter>Header Files</Filter>
    </ClInclude>
    <ClInclude Include="ER_CoreTime.h">
      <Filter>Header Files</Filter>
    </ClInclude>
    <ClInclude Include="ER_CoreClock.h">
      <Filter>Header Files</Filter>
    </ClInclude>
    <ClInclude Include="ER_ColorHelper.h">
      <Filter>Header Files</Filter>
    </ClInclude>
    <ClInclude Include="ER_MatrixHelper.h">
      <Filter>Header Files</Filter>
    </ClInclude>
    <ClInclude Include="ER_VectorHelper.h">
      <Filter>Header Files</Filter>
    </ClInclude>
    <ClInclude Include="ER_Utility.h">
      <Filter>Header Files</Filter>
    </ClInclude>
    <ClInclude Include="ER_VertexDeclarations.h">
      <Filter>Header Files</Filter>
    </ClInclude>
    <ClInclude Include="ER_Core.h">
      <Filter>Header Files</Filter>
    </ClInclude>
    <ClInclude Include="RHI\DX11\ER_RHI_DX11_GPUBuffer.h">
      <Filter>Header Files</Filter>
    </ClInclude>
    <ClInclude Include="RHI\DX11\ER_RHI_DX11_GPUTexture.h">
      <Filter>Header Files</Filter>
    </ClInclude>
    <ClInclude Include="RHI\DX11\ER_RHI_DX11_GPUShader.h">
      <Filter>Header Files</Filter>
    </ClInclude>
    <ClInclude Include="ER_GenericEvent.h">
      <Filter>Header Files</Filter>
    </ClInclude>
    <ClInclude Include="ER_CoreServicesContainer.h">
      <Filter>Header Files</Filter>
    </ClInclude>
    <ClInclude Include="RHI\DX11\ER_RHI_DX11.h">
      <Filter>Header Files</Filter>
    </ClInclude>
    <ClInclude Include="RHI\ER_RHI.h">
      <Filter>Header Files</Filter>
    </ClInclude>
    <ClInclude Include="ER_DirectionalLight.h">
      <Filter>Header Files</Filter>
    </ClInclude>
    <ClInclude Include="ER_PointLight.h">
      <Filter>Header Files</Filter>
    </ClInclude>
    <ClInclude Include="ER_Light.h">
      <Filter>Header Files</Filter>
    </ClInclude>
    <ClInclude Include="ER_RuntimeCore.h">
      <Filter>Header Files</Filter>
    </ClInclude>
    <ClInclude Include="ER_Gamepad.h">
      <Filter>Header Files</Filter>
    </ClInclude>
    <ClInclude Include="ER_Settings.h">
      <Filter>Header Files</Filter>
    </ClInclude>
  </ItemGroup>
  <ItemGroup>
    <ClCompile Include="stdafx.cpp">
      <Filter>Source Files</Filter>
    </ClCompile>
    <ClCompile Include="ER_LightProbe.cpp">
      <Filter>Source Files\Graphics\Rendering systems</Filter>
    </ClCompile>
    <ClCompile Include="ER_BasicColorMaterial.cpp">
      <Filter>Source Files\Graphics\Materials</Filter>
    </ClCompile>
    <ClCompile Include="ER_ShadowMapMaterial.cpp">
      <Filter>Source Files\Graphics\Materials</Filter>
    </ClCompile>
    <ClCompile Include="ER_GBufferMaterial.cpp">
      <Filter>Source Files\Graphics\Materials</Filter>
    </ClCompile>
    <ClCompile Include="ER_GBuffer.cpp">
      <Filter>Source Files\Graphics\Rendering systems</Filter>
    </ClCompile>
    <ClCompile Include="ER_ShadowMapper.cpp">
      <Filter>Source Files\Graphics\Rendering systems</Filter>
    </ClCompile>
    <ClCompile Include="ER_RenderToLightProbeMaterial.cpp">
      <Filter>Source Files\Graphics\Materials</Filter>
    </ClCompile>
    <ClCompile Include="ER_DebugLightProbeMaterial.cpp">
      <Filter>Source Files\Graphics\Materials</Filter>
    </ClCompile>
    <ClCompile Include="ER_VoxelizationMaterial.cpp">
      <Filter>Source Files\Graphics\Materials</Filter>
    </ClCompile>
    <ClCompile Include="ER_PostProcessingStack.cpp">
      <Filter>Source Files\Graphics\Rendering systems</Filter>
    </ClCompile>
    <ClCompile Include="ER_Skybox.cpp">
      <Filter>Source Files\Graphics\Rendering systems</Filter>
    </ClCompile>
    <ClCompile Include="ER_FoliageManager.cpp">
      <Filter>Source Files\Graphics\Rendering systems</Filter>
    </ClCompile>
    <ClCompile Include="ER_LightProbesManager.cpp">
      <Filter>Source Files\Graphics\Rendering systems</Filter>
    </ClCompile>
    <ClCompile Include="ER_Illumination.cpp">
      <Filter>Source Files\Graphics\Rendering systems</Filter>
    </ClCompile>
    <ClCompile Include="ER_VolumetricClouds.cpp">
      <Filter>Source Files\Graphics\Rendering systems</Filter>
    </ClCompile>
    <ClCompile Include="ER_Material.cpp">
      <Filter>Source Files\Graphics\Materials</Filter>
    </ClCompile>
    <ClCompile Include="ER_VolumetricFog.cpp">
      <Filter>Source Files\Graphics\Rendering systems</Filter>
    </ClCompile>
    <ClCompile Include="..\..\external\DirectXMath\SHMath\DirectXSH.cpp">
      <Filter>Source Files\Helpers\DirectXSH</Filter>
    </ClCompile>
    <ClCompile Include="..\..\external\DirectXMath\SHMath\DirectXSHD3D11.cpp">
      <Filter>Source Files\Helpers\DirectXSH</Filter>
    </ClCompile>
    <ClCompile Include="ER_Terrain.cpp">
      <Filter>Source Files\Graphics\Rendering systems</Filter>
    </ClCompile>
    <ClCompile Include="ER_Model.cpp">
      <Filter>Source Files\Graphics\Mesh &amp; Model</Filter>
    </ClCompile>
    <ClCompile Include="ER_Mesh.cpp">
      <Filter>Source Files\Graphics\Mesh &amp; Model</Filter>
    </ClCompile>
    <ClCompile Include="ER_ModelMaterial.cpp">
      <Filter>Source Files\Graphics\Mesh &amp; Model</Filter>
    </ClCompile>
    <ClCompile Include="ER_MaterialHelper.cpp">
      <Filter>Source Files\Graphics\Materials</Filter>
    </ClCompile>
    <ClCompile Include="ER_Ray.cpp">
      <Filter>Source Files\Graphics\Rendering helpers</Filter>
    </ClCompile>
    <ClCompile Include="ER_RenderableAABB.cpp">
      <Filter>Source Files\Graphics\Rendering helpers</Filter>
    </ClCompile>
    <ClCompile Include="ER_Frustum.cpp">
      <Filter>Source Files\Graphics\Rendering helpers</Filter>
    </ClCompile>
    <ClCompile Include="ER_Projector.cpp">
      <Filter>Source Files\Graphics\Rendering helpers</Filter>
    </ClCompile>
    <ClCompile Include="ER_QuadRenderer.cpp">
      <Filter>Source Files\Graphics\Rendering helpers</Filter>
    </ClCompile>
    <ClCompile Include="ER_CPUProfiler.cpp">
      <Filter>Source Files\Profilers</Filter>
    </ClCompile>
    <ClCompile Include="ER_RenderingObject.cpp">
      <Filter>Source Files\Core</Filter>
    </ClCompile>
    <ClCompile Include="ER_Scene.cpp">
      <Filter>Source Files\Core</Filter>
    </ClCompile>
    <ClCompile Include="ER_Editor.cpp">
      <Filter>Source Files\Core</Filter>
    </ClCompile>
    <ClCompile Include="ER_Sandbox.cpp">
      <Filter>Source Files\Core</Filter>
    </ClCompile>
    <ClCompile Include="ER_Camera.cpp">
      <Filter>Source Files\Core</Filter>
    </ClCompile>
    <ClCompile Include="ER_CameraFPS.cpp">
      <Filter>Source Files\Core</Filter>
    </ClCompile>
    <ClCompile Include="ER_Keyboard.cpp">
      <Filter>Source Files\Controls</Filter>
    </ClCompile>
    <ClCompile Include="ER_Mouse.cpp">
      <Filter>Source Files\Controls</Filter>
    </ClCompile>
    <ClCompile Include="ER_CoreComponent.cpp">
      <Filter>Source Files\Core</Filter>
    </ClCompile>
    <ClCompile Include="ER_DebugProxyObject.cpp">
      <Filter>Source Files\Graphics\Rendering helpers</Filter>
    </ClCompile>
    <ClCompile Include="ER_CoreException.cpp">
      <Filter>Source Files\Core</Filter>
    </ClCompile>
    <ClCompile Include="ER_CoreTime.cpp">
      <Filter>Source Files\Core</Filter>
    </ClCompile>
    <ClCompile Include="ER_CoreClock.cpp">
      <Filter>Source Files\Core</Filter>
    </ClCompile>
    <ClCompile Include="ER_ColorHelper.cpp">
      <Filter>Source Files\Helpers</Filter>
    </ClCompile>
    <ClCompile Include="ER_MatrixHelper.cpp">
      <Filter>Source Files\Helpers</Filter>
    </ClCompile>
    <ClCompile Include="ER_VectorHelper.cpp">
      <Filter>Source Files\Helpers</Filter>
    </ClCompile>
    <ClCompile Include="ER_Utility.cpp">
      <Filter>Source Files\Helpers</Filter>
    </ClCompile>
    <ClCompile Include="ER_Core.cpp">
      <Filter>Source Files\Core</Filter>
    </ClCompile>
    <ClCompile Include="RHI\DX11\ER_RHI_DX11.cpp">
      <Filter>Source Files\Graphics\RHI\DX11</Filter>
    </ClCompile>
    <ClCompile Include="RHI\DX11\ER_RHI_DX11_GPUBuffer.cpp">
      <Filter>Source Files\Graphics\RHI\DX11</Filter>
    </ClCompile>
    <ClCompile Include="RHI\DX11\ER_RHI_DX11_GPUTexture.cpp">
      <Filter>Source Files\Graphics\RHI\DX11</Filter>
    </ClCompile>
    <ClCompile Include="RHI\DX11\ER_RHI_DX11_GPUShader.cpp">
      <Filter>Source Files\Graphics\RHI\DX11</Filter>
    </ClCompile>
    <ClCompile Include="ER_CoreServicesContainer.cpp">
      <Filter>Source Files\Core</Filter>
    </ClCompile>
    <ClCompile Include="ER_DirectionalLight.cpp">
      <Filter>Source Files\Graphics\Lights</Filter>
    </ClCompile>
    <ClCompile Include="ER_PointLight.cpp">
      <Filter>Source Files\Graphics\Lights</Filter>
    </ClCompile>
    <ClCompile Include="ER_Light.cpp">
      <Filter>Source Files\Graphics\Lights</Filter>
    </ClCompile>
    <ClCompile Include="ER_RuntimeCore.cpp">
      <Filter>Source Files\Core</Filter>
    </ClCompile>
    <ClCompile Include="ER_Gamepad.cpp">
      <Filter>Source Files\Controls</Filter>
    </ClCompile>
    <ClCompile Include="ER_Settings.cpp">
      <Filter>Source Files\Core</Filter>
    </ClCompile>
  </ItemGroup>
  <ItemGroup>
    <FxCompile Include="..\..\content\shaders\VolumetricLight\Apply_PS.hlsl">
      <Filter>Shaders\VolumetricLighting</Filter>
    </FxCompile>
    <FxCompile Include="..\..\content\shaders\VolumetricLight\ComputeLightLUT_CS.hlsl">
      <Filter>Shaders\VolumetricLighting</Filter>
    </FxCompile>
    <FxCompile Include="..\..\content\shaders\VolumetricLight\ComputePhaseLookup_PS.hlsl">
      <Filter>Shaders\VolumetricLighting</Filter>
    </FxCompile>
    <FxCompile Include="..\..\content\shaders\VolumetricLight\Debug_PS.hlsl">
      <Filter>Shaders\VolumetricLighting</Filter>
    </FxCompile>
    <FxCompile Include="..\..\content\shaders\VolumetricLight\DownsampleDepth_PS.hlsl">
      <Filter>Shaders\VolumetricLighting</Filter>
    </FxCompile>
    <FxCompile Include="..\..\content\shaders\VolumetricLight\PostProcess_PS.hlsl">
      <Filter>Shaders\VolumetricLighting</Filter>
    </FxCompile>
    <FxCompile Include="..\..\content\shaders\VolumetricLight\Quad_VS.hlsl">
      <Filter>Shaders\VolumetricLighting</Filter>
    </FxCompile>
    <FxCompile Include="..\..\content\shaders\VolumetricLight\RenderVolume_DS.hlsl">
      <Filter>Shaders\VolumetricLighting</Filter>
    </FxCompile>
    <FxCompile Include="..\..\content\shaders\VolumetricLight\RenderVolume_HS.hlsl">
      <Filter>Shaders\VolumetricLighting</Filter>
    </FxCompile>
    <FxCompile Include="..\..\content\shaders\VolumetricLight\RenderVolume_PS.hlsl">
      <Filter>Shaders\VolumetricLighting</Filter>
    </FxCompile>
    <FxCompile Include="..\..\content\shaders\VolumetricLight\RenderVolume_VS.hlsl">
      <Filter>Shaders\VolumetricLighting</Filter>
    </FxCompile>
    <FxCompile Include="..\..\content\shaders\VolumetricLight\RenderVolumeBase_VS.hlsl">
      <Filter>Shaders\VolumetricLighting</Filter>
    </FxCompile>
    <FxCompile Include="..\..\content\shaders\VolumetricLight\RenderVolumeFinal_PS.hlsl">
      <Filter>Shaders\VolumetricLighting</Filter>
    </FxCompile>
    <FxCompile Include="..\..\content\shaders\VolumetricLight\RenderVolumeGeometry_PS.hlsl">
      <Filter>Shaders\VolumetricLighting</Filter>
    </FxCompile>
    <FxCompile Include="..\..\content\shaders\VolumetricLight\RenderVolumeGrid_VS.hlsl">
      <Filter>Shaders\VolumetricLighting</Filter>
    </FxCompile>
    <FxCompile Include="..\..\content\shaders\VolumetricLight\Resolve_PS.hlsl">
      <Filter>Shaders\VolumetricLighting</Filter>
    </FxCompile>
    <FxCompile Include="..\..\content\shaders\VolumetricLight\TemporalFilter_PS.hlsl">
      <Filter>Shaders\VolumetricLighting</Filter>
    </FxCompile>
    <FxCompile Include="..\..\content\shaders\WaterSimulation\fft_512x512_c2c.hlsl">
      <Filter>Shaders\WaterSimulation</Filter>
    </FxCompile>
    <FxCompile Include="..\..\content\shaders\WaterSimulation\SimulatorCompute.hlsl">
      <Filter>Shaders\WaterSimulation</Filter>
    </FxCompile>
    <FxCompile Include="..\..\content\shaders\WaterSimulation\SimulatorVSPS.hlsl">
      <Filter>Shaders\WaterSimulation</Filter>
    </FxCompile>
    <FxCompile Include="..\..\content\shaders\WaterSimulation\WaterSimulation.hlsl">
      <Filter>Shaders\WaterSimulation</Filter>
    </FxCompile>
    <FxCompile Include="..\..\content\shaders\Sun.hlsl">
      <Filter>Shaders</Filter>
    </FxCompile>
    <FxCompile Include="..\..\content\shaders\VolumetricClouds\VolumetricCloudsBlur.hlsl">
      <Filter>Shaders\VolumetricClouds</Filter>
    </FxCompile>
    <FxCompile Include="..\..\content\shaders\VolumetricClouds\VolumetricCloudsComposite.hlsl">
      <Filter>Shaders\VolumetricClouds</Filter>
    </FxCompile>
    <FxCompile Include="..\..\content\shaders\VolumetricClouds\VolumetricCloudsCS.hlsl">
      <Filter>Shaders\VolumetricClouds</Filter>
    </FxCompile>
    <FxCompile Include="..\..\content\shaders\GI\VoxelConeTracingVoxelizationDebug.hlsl">
      <Filter>Shaders\GI</Filter>
    </FxCompile>
    <FxCompile Include="..\..\content\shaders\GI\VoxelConeTracingMain.hlsl">
      <Filter>Shaders\GI</Filter>
    </FxCompile>
    <FxCompile Include="..\..\content\shaders\UpsampleBlur.hlsl">
      <Filter>Shaders</Filter>
    </FxCompile>
    <FxCompile Include="..\..\content\shaders\Terrain\PlaceObjectsOnTerrain.hlsl">
      <Filter>Shaders\Terrain</Filter>
    </FxCompile>
    <FxCompile Include="..\..\content\shaders\DeferredLighting.hlsl">
      <Filter>Shaders</Filter>
    </FxCompile>
    <FxCompile Include="..\..\content\shaders\IBL\ProbeConvolution.hlsl">
      <Filter>Shaders\IBL</Filter>
    </FxCompile>
    <FxCompile Include="..\..\content\shaders\ForwardLighting.hlsl">
      <Filter>Shaders</Filter>
    </FxCompile>
    <FxCompile Include="..\..\content\shaders\BasicColor.hlsl">
      <Filter>Shaders</Filter>
    </FxCompile>
    <FxCompile Include="..\..\content\shaders\ShadowMap.hlsl">
      <Filter>Shaders</Filter>
    </FxCompile>
    <FxCompile Include="..\..\content\shaders\GBuffer.hlsl">
      <Filter>Shaders</Filter>
    </FxCompile>
    <FxCompile Include="..\..\content\shaders\IBL\DebugLightProbe.hlsl">
      <Filter>Shaders\IBL</Filter>
    </FxCompile>
    <FxCompile Include="..\..\content\shaders\Voxelization.hlsl">
      <Filter>Shaders</Filter>
    </FxCompile>
    <FxCompile Include="..\..\content\shaders\CompositeIllumination.hlsl">
      <Filter>Shaders</Filter>
    </FxCompile>
    <FxCompile Include="..\..\content\shaders\Quad.hlsl">
      <Filter>Shaders</Filter>
    </FxCompile>
    <FxCompile Include="..\..\content\shaders\EmptyColorResolve.hlsl">
      <Filter>Shaders</Filter>
    </FxCompile>
    <FxCompile Include="..\..\content\shaders\FXAA.hlsl">
      <Filter>Shaders</Filter>
    </FxCompile>
    <FxCompile Include="..\..\content\shaders\Vignette.hlsl">
      <Filter>Shaders</Filter>
    </FxCompile>
    <FxCompile Include="..\..\content\shaders\ColorGrading.hlsl">
      <Filter>Shaders</Filter>
    </FxCompile>
    <FxCompile Include="..\..\content\shaders\LinearFog.hlsl">
      <Filter>Shaders</Filter>
    </FxCompile>
    <FxCompile Include="..\..\content\shaders\SSR.hlsl">
      <Filter>Shaders</Filter>
    </FxCompile>
    <FxCompile Include="..\..\content\shaders\Skybox.hlsl">
      <Filter>Shaders</Filter>
    </FxCompile>
    <FxCompile Include="..\..\content\shaders\Foliage.hlsl">
      <Filter>Shaders</Filter>
    </FxCompile>
    <FxCompile Include="..\..\content\shaders\Terrain\Terrain.hlsl">
      <Filter>Shaders\Terrain</Filter>
    </FxCompile>
    <FxCompile Include="..\..\content\shaders\Tonemap.hlsl">
      <Filter>Shaders</Filter>
    </FxCompile>
    <FxCompile Include="..\..\content\shaders\VolumetricFog\VolumetricFogMain.hlsl">
      <Filter>Shaders\VolumetricFog</Filter>
    </FxCompile>
    <FxCompile Include="..\..\content\shaders\VolumetricFog\VolumetricFogComposite.hlsl">
      <Filter>Shaders\VolumetricFog</Filter>
    </FxCompile>
    <FxCompile Include="..\..\content\shaders\SSS.hlsl">
      <Filter>Shaders</Filter>
    </FxCompile>
  </ItemGroup>
  <ItemGroup>
    <None Include="..\..\content\shaders\Lighting.hlsli">
      <Filter>Shaders</Filter>
    </None>
    <None Include="..\..\content\shaders\Common.hlsli">
      <Filter>Shaders</Filter>
    </None>
    <None Include="..\..\content\shaders\VolumetricFog\VolumetricFog.hlsli">
      <Filter>Shaders\VolumetricFog</Filter>
    </None>
    <None Include="ER_Materials.inl">
      <Filter>Source Files\Graphics\Materials</Filter>
    </None>
  </ItemGroup>
</Project>