
Microsoft Visual Studio Solution File, Format Version 12.00
# Visual Studio 15
VisualStudioVersion = 15.0.27130.2027
MinimumVisualStudioVersion = 10.0.40219.1
Project("{8BC9CEB8-8B4A-11D0-8D11-00A0C91BC942}") = "Game", "source\Game\Game.vcxproj", "{B91C391B-5C12-4115-ABAC-85238268AC7C}"
	ProjectSection(ProjectDependencies) = postProject
		{75B93070-9C02-4198-A910-BEBF070FCF07} = {75B93070-9C02-4198-A910-BEBF070FCF07}
	EndProjectSection
EndProject
Project("{8BC9CEB8-8B4A-11D0-8D11-00A0C91BC942}") = "Library", "source\Library\Library.vcxproj", "{75B93070-9C02-4198-A910-BEBF070FCF07}"
EndProject
Global
	GlobalSection(SolutionConfigurationPlatforms) = preSolution
		Debug|x64 = Debug|x64
		Debug|x86 = Debug|x86
		Release|x64 = Release|x64
		Release|x86 = Release|x86
	EndGlobalSection
	GlobalSection(ProjectConfigurationPlatforms) = postSolution
		{B91C391B-5C12-4115-ABAC-85238268AC7C}.Debug|x64.ActiveCfg = Debug|x64
		{B91C391B-5C12-4115-ABAC-85238268AC7C}.Debug|x64.Build.0 = Debug|x64
		{B91C391B-5C12-4115-ABAC-85238268AC7C}.Debug|x86.ActiveCfg = Debug|Win32
		{B91C391B-5C12-4115-ABAC-85238268AC7C}.Debug|x86.Build.0 = Debug|Win32
		{B91C391B-5C12-4115-ABAC-85238268AC7C}.Release|x64.ActiveCfg = Release|x64
		{B91C391B-5C12-4115-ABAC-85238268AC7C}.Release|x64.Build.0 = Release|x64
		{B91C391B-5C12-4115-ABAC-85238268AC7C}.Release|x86.ActiveCfg = Release|Win32
		{B91C391B-5C12-4115-ABAC-85238268AC7C}.Release|x86.Build.0 = Release|Win32
		{75B93070-9C02-4198-A910-BEBF070FCF07}.Debug|x64.ActiveCfg = Debug|x64
		{75B93070-9C02-4198-A910-BEBF070FCF07}.Debug|x64.Build.0 = Debug|x64
		{75B93070-9C02-4198-A910-BEBF070FCF07}.Debug|x86.ActiveCfg = Debug|Win32
		{75B93070-9C02-4198-A910-BEBF070FCF07}.Debug|x86.Build.0 = Debug|Win32
		{75B93070-9C02-4198-A910-BEBF070FCF07}.Release|x64.ActiveCfg = Release|x64
		{75B93070-9C02-4198-A910-BEBF070FCF07}.Release|x64.Build.0 = Release|x64
		{75B93070-9C02-4198-A910-BEBF070FCF07}.Release|x86.ActiveCfg = Release|Win32
		{75B93070-9C02-4198-A910-BEBF070FCF07}.Release|x86.Build.0 = Release|Win32
	EndGlobalSection
	GlobalSection(SolutionProperties) = preSolution
		HideSolutionNode = FALSE
	EndGlobalSection
	GlobalSection(ExtensibilityGlobals) = postSolution
		SolutionGuid = {6585CD01-C174-48D5-9939-9AE605299AC7}
	EndGlobalSection
	GlobalSection(Performance) = preSolution
		HasPerformanceSessions = true
	EndGlobalSection
EndGlobal
