<?xml version="1.0" encoding="utf-8"?>
<Project ToolsVersion="4.0" xmlns="http://schemas.microsoft.com/developer/msbuild/2003">
  <ItemGroup>
    <Filter Include="Source Files">
      <UniqueIdentifier>{4FC737F1-C7A5-4376-A066-2A32D752A2FF}</UniqueIdentifier>
      <Extensions>cpp;c;cc;cxx;def;odl;idl;hpj;bat;asm;asmx</Extensions>
    </Filter>
    <Filter Include="Header Files">
      <UniqueIdentifier>{93995380-89BD-4b04-88EB-625FBE52EBFB}</UniqueIdentifier>
      <Extensions>h;hh;hpp;hxx;hm;inl;inc;xsd</Extensions>
    </Filter>
    <Filter Include="Resource Files">
      <UniqueIdentifier>{67DA6AB6-F800-4c08-8B7A-83BB121AAD01}</UniqueIdentifier>
      <Extensions>rc;ico;cur;bmp;dlg;rc2;rct;bin;rgs;gif;jpg;jpeg;jpe;resx;tiff;tif;png;wav;mfcribbon-ms</Extensions>
    </Filter>
    <Filter Include="Source Files\ImGui">
      <UniqueIdentifier>{14e2444f-2c0c-4fe3-be27-0e5c33922674}</UniqueIdentifier>
    </Filter>
    <Filter Include="Source Files\Demo Scenes">
      <UniqueIdentifier>{7f49ee93-4e93-4eca-abfb-752ce248c71f}</UniqueIdentifier>
    </Filter>
  </ItemGroup>
  <ItemGroup>
    <ClInclude Include="stdafx.h">
      <Filter>Header Files</Filter>
    </ClInclude>
    <ClInclude Include="targetver.h">
      <Filter>Header Files</Filter>
    </ClInclude>
    <ClInclude Include="resource.h">
      <Filter>Header Files</Filter>
    </ClInclude>
    <ClInclude Include="RenderingGame.h">
      <Filter>Header Files</Filter>
    </ClInclude>
    <ClInclude Include="ShadowMappingDemo.h">
      <Filter>Header Files</Filter>
    </ClInclude>
    <ClInclude Include="PhysicallyBasedRenderingDemo.h">
      <Filter>Header Files</Filter>
    </ClInclude>
    <ClInclude Include="InstancingDemo.h">
      <Filter>Header Files</Filter>
    </ClInclude>
    <ClInclude Include="FrustumCullingDemo.h">
      <Filter>Header Files</Filter>
    </ClInclude>
    <ClInclude Include="SubsurfaceScatteringDemo.h">
      <Filter>Header Files</Filter>
    </ClInclude>
    <ClInclude Include="VolumetricLightingDemo.h">
      <Filter>Header Files</Filter>
    </ClInclude>
    <ClInclude Include="CollisionTestDemo.h">
      <Filter>Header Files</Filter>
    </ClInclude>
    <ClInclude Include="WaterSimulationDemo.h">
      <Filter>Header Files</Filter>
    </ClInclude>
    <ClInclude Include="..\..\external\ImGUI\imconfig.h">
      <Filter>Source Files\ImGui</Filter>
    </ClInclude>
    <ClInclude Include="..\..\external\ImGUI\imgui.h">
      <Filter>Source Files\ImGui</Filter>
    </ClInclude>
    <ClInclude Include="..\..\external\ImGUI\imgui_impl_dx11.h">
      <Filter>Source Files\ImGui</Filter>
    </ClInclude>
    <ClInclude Include="..\..\external\ImGUI\imgui_impl_win32.h">
      <Filter>Source Files\ImGui</Filter>
    </ClInclude>
    <ClInclude Include="..\..\external\ImGUI\imgui_internal.h">
      <Filter>Source Files\ImGui</Filter>
    </ClInclude>
    <ClInclude Include="..\..\external\ImGUI\stb_rect_pack.h">
      <Filter>Source Files\ImGui</Filter>
    </ClInclude>
    <ClInclude Include="..\..\external\ImGUI\stb_textedit.h">
      <Filter>Source Files\ImGui</Filter>
    </ClInclude>
    <ClInclude Include="..\..\external\ImGUI\stb_truetype.h">
      <Filter>Source Files\ImGui</Filter>
    </ClInclude>
    <ClInclude Include="SponzaMainDemo.h">
      <Filter>Header Files</Filter>
    </ClInclude>
    <ClInclude Include="..\..\external\ImGUI\ImGuizmo.h">
      <Filter>Source Files\ImGui</Filter>
    </ClInclude>
    <ClInclude Include="TestSceneDemo.h">
      <Filter>Header Files</Filter>
    </ClInclude>
    <ClInclude Include="TerrainDemo.h">
      <Filter>Header Files</Filter>
    </ClInclude>
  </ItemGroup>
  <ItemGroup>
    <ClCompile Include="stdafx.cpp">
      <Filter>Source Files</Filter>
    </ClCompile>
    <ClCompile Include="Program.cpp">
      <Filter>Source Files</Filter>
    </ClCompile>
    <ClCompile Include="RenderingGame.cpp">
      <Filter>Source Files</Filter>
    </ClCompile>
    <ClCompile Include="ShadowMappingDemo.cpp">
      <Filter>Source Files\Demo Scenes</Filter>
    </ClCompile>
    <ClCompile Include="PhysicallyBasedRenderingDemo.cpp">
      <Filter>Source Files\Demo Scenes</Filter>
    </ClCompile>
    <ClCompile Include="InstancingDemo.cpp">
      <Filter>Source Files\Demo Scenes</Filter>
    </ClCompile>
    <ClCompile Include="FrustumCullingDemo.cpp">
      <Filter>Source Files\Demo Scenes</Filter>
    </ClCompile>
    <ClCompile Include="SubsurfaceScatteringDemo.cpp">
      <Filter>Source Files\Demo Scenes</Filter>
    </ClCompile>
    <ClCompile Include="VolumetricLightingDemo.cpp">
      <Filter>Source Files\Demo Scenes</Filter>
    </ClCompile>
    <ClCompile Include="CollisionTestDemo.cpp">
      <Filter>Source Files\Demo Scenes</Filter>
    </ClCompile>
    <ClCompile Include="WaterSimulationDemo.cpp">
      <Filter>Source Files\Demo Scenes</Filter>
    </ClCompile>
    <ClCompile Include="..\..\external\ImGUI\imgui.cpp">
      <Filter>Source Files\ImGui</Filter>
    </ClCompile>
    <ClCompile Include="..\..\external\ImGUI\imgui_demo.cpp">
      <Filter>Source Files\ImGui</Filter>
    </ClCompile>
    <ClCompile Include="..\..\external\ImGUI\imgui_draw.cpp">
      <Filter>Source Files\ImGui</Filter>
    </ClCompile>
    <ClCompile Include="..\..\external\ImGUI\imgui_impl_dx11.cpp">
      <Filter>Source Files\ImGui</Filter>
    </ClCompile>
    <ClCompile Include="..\..\external\ImGUI\imgui_impl_win32.cpp">
      <Filter>Source Files\ImGui</Filter>
    </ClCompile>
    <ClCompile Include="SponzaMainDemo.cpp">
      <Filter>Source Files\Demo Scenes</Filter>
    </ClCompile>
    <ClCompile Include="..\..\external\ImGUI\ImGuizmo.cpp">
      <Filter>Source Files\ImGui</Filter>
    </ClCompile>
    <ClCompile Include="TestSceneDemo.cpp">
      <Filter>Source Files\Demo Scenes</Filter>
    </ClCompile>
    <ClCompile Include="TerrainDemo.cpp">
      <Filter>Source Files\Demo Scenes</Filter>
    </ClCompile>
  </ItemGroup>
  <ItemGroup>
    <ResourceCompile Include="Game.rc">
      <Filter>Resource Files</Filter>
    </ResourceCompile>
  </ItemGroup>
  <ItemGroup>
    <Image Include="bunny.ico">
      <Filter>Resource Files</Filter>
    </Image>
  </ItemGroup>
</Project>